
Microsoft Visual Studio Solution File, Format Version 12.00
# Visual Studio Version 17
VisualStudioVersion = 17.4.33213.308
MinimumVisualStudioVersion = 10.0.40219.1
Project("{FAE04EC0-301F-11D3-BF4B-00C04F79EFBC}") = "ServiceMobile", "ServiceMobile\ServiceMobile.csproj", "{0FA043A7-EDD6-4897-81D2-375CD0F54F08}"
EndProject
Global
	GlobalSection(SolutionConfigurationPlatforms) = preSolution
		Debug|Any CPU = Debug|Any CPU
		Release|Any CPU = Release|Any CPU
	EndGlobalSection
	GlobalSection(ProjectConfigurationPlatforms) = postSolution
		{0FA043A7-EDD6-4897-81D2-375CD0F54F08}.Debug|Any CPU.ActiveCfg = Debug|Any CPU
		{0FA043A7-EDD6-4897-81D2-375CD0F54F08}.Debug|Any CPU.Build.0 = Debug|Any CPU
		{0FA043A7-EDD6-4897-81D2-375CD0F54F08}.Release|Any CPU.ActiveCfg = Release|Any CPU
		{0FA043A7-EDD6-4897-81D2-375CD0F54F08}.Release|Any CPU.Build.0 = Release|Any CPU
	EndGlobalSection
	GlobalSection(SolutionProperties) = preSolution
		HideSolutionNode = FALSE
	EndGlobalSection
	GlobalSection(ExtensibilityGlobals) = postSolution
		SolutionGuid = {C7D3200A-B53B-4538-AED0-5969CD48F81E}
	EndGlobalSection
EndGlobal
